{
  "nodes": {
    "nixpkgs": {
      "locked": {
        "lastModified": 1763464769,
        "narHash": "sha256-AJHrsT7VoeQzErpBRlLJM1SODcaayp0joAoEA35yiwM=",
        "owner": "NixOS",
        "repo": "nixpkgs",
        "rev": "6f374686605df381de8541c072038472a5ea2e2d",
        "type": "github"
      },
      "original": {
        "owner": "NixOS",
        "ref": "nixpkgs-unstable",
        "repo": "nixpkgs",
        "type": "github"
      }
    },
    "pyctr": {
      "inputs": {
        "nixpkgs": [
          "nixpkgs"
        ]
      },
      "locked": {
        "lastModified": 1763515957,
        "narHash": "sha256-S0qzooGQN5tkbIVgijVZ9umvBC1dYbdPN97tks5SbwE=",
        "owner": "ihaveamac",
        "repo": "pyctr",
        "rev": "eb8d4d06ce7339727d3f72b40f45ec3260336058",
        "type": "github"
      },
      "original": {
        "owner": "ihaveamac",
        "ref": "master",
        "repo": "pyctr",
        "type": "github"
      }
    },
    "root": {
      "inputs": {
        "nixpkgs": "nixpkgs",
        "pyctr": "pyctr"
      }
    }
  },
  "root": "root",
  "version": 7
}
