{
  "nodes": {
    "nixpkgs": {
      "locked": {
        "lastModified": 1751180975,
        "narHash": "sha256-BKk4yDiXr4LdF80OTVqYJ53Q74rOcA/82EClXug8xsY=",
        "owner": "NixOS",
        "repo": "nixpkgs",
        "rev": "a48741b083d4f36dd79abd9f760c84da6b4dc0e5",
        "type": "github"
      },
      "original": {
        "owner": "NixOS",
        "ref": "nixpkgs-unstable",
        "repo": "nixpkgs",
        "type": "github"
      }
    },
    "pyctr": {
      "inputs": {
        "nixpkgs": [
          "nixpkgs"
        ]
      },
      "locked": {
        "lastModified": 1751241918,
        "narHash": "sha256-r0DX1WA/U7eb+GszDKWMrfkHy1fRy8BF+p1/3QakoTc=",
        "owner": "ihaveamac",
        "repo": "pyctr",
        "rev": "545ff4413b6026fb43ecc4ae0aadf62fbfcc7261",
        "type": "github"
      },
      "original": {
        "owner": "ihaveamac",
        "ref": "master",
        "repo": "pyctr",
        "type": "github"
      }
    },
    "root": {
      "inputs": {
        "nixpkgs": "nixpkgs",
        "pyctr": "pyctr"
      }
    }
  },
  "root": "root",
  "version": 7
}
