{
  "nodes": {
    "nixpkgs": {
      "locked": {
        "lastModified": 1751949589,
        "narHash": "sha256-mgFxAPLWw0Kq+C8P3dRrZrOYEQXOtKuYVlo9xvPntt8=",
        "owner": "NixOS",
        "repo": "nixpkgs",
        "rev": "9b008d60392981ad674e04016d25619281550a9d",
        "type": "github"
      },
      "original": {
        "owner": "NixOS",
        "ref": "nixpkgs-unstable",
        "repo": "nixpkgs",
        "type": "github"
      }
    },
    "pyctr": {
      "inputs": {
        "nixpkgs": [
          "nixpkgs"
        ]
      },
      "locked": {
        "lastModified": 1751241918,
        "narHash": "sha256-r0DX1WA/U7eb+GszDKWMrfkHy1fRy8BF+p1/3QakoTc=",
        "owner": "ihaveamac",
        "repo": "pyctr",
        "rev": "545ff4413b6026fb43ecc4ae0aadf62fbfcc7261",
        "type": "github"
      },
      "original": {
        "owner": "ihaveamac",
        "ref": "master",
        "repo": "pyctr",
        "type": "github"
      }
    },
    "root": {
      "inputs": {
        "nixpkgs": "nixpkgs",
        "pyctr": "pyctr"
      }
    }
  },
  "root": "root",
  "version": 7
}
